// !$*UTF8*$!
{
	archiveVersion = 1;
	classes = {
	};
	objectVersion = 46;
	objects = {

/* Begin PBXBuildFile section */
		6303F1621CA8BA430062063C /* AppDelegate.swift in Sources */ = {isa = PBXBuildFile; fileRef = 6303F1611CA8BA430062063C /* AppDelegate.swift */; };
		6303F1671CA8BA430062063C /* Main.storyboard in Resources */ = {isa = PBXBuildFile; fileRef = 6303F1651CA8BA430062063C /* Main.storyboard */; };
		6303F1691CA8BA430062063C /* Assets.xcassets in Resources */ = {isa = PBXBuildFile; fileRef = 6303F1681CA8BA430062063C /* Assets.xcassets */; };
		6303F16C1CA8BA430062063C /* LaunchScreen.storyboard in Resources */ = {isa = PBXBuildFile; fileRef = 6303F16A1CA8BA430062063C /* LaunchScreen.storyboard */; };
		6303F1751CA8BB170062063C /* HapinessVC.swift in Sources */ = {isa = PBXBuildFile; fileRef = 6303F1741CA8BB170062063C /* HapinessVC.swift */; };
		6303F1771CA8BBE80062063C /* FaceView.swift in Sources */ = {isa = PBXBuildFile; fileRef = 6303F1761CA8BBE80062063C /* FaceView.swift */; };
/* End PBXBuildFile section */

/* Begin PBXFileReference section */
		6303F15E1CA8BA430062063C /* StanfordHappyFaceApp.app */ = {isa = PBXFileReference; explicitFileType = wrapper.application; includeInIndex = 0; path = StanfordHappyFaceApp.app; sourceTree = BUILT_PRODUCTS_DIR; };
		6303F1611CA8BA430062063C /* AppDelegate.swift */ = {isa = PBXFileReference; lastKnownFileType = sourcecode.swift; path = AppDelegate.swift; sourceTree = "<group>"; };
		6303F1661CA8BA430062063C /* Base */ = {isa = PBXFileReference; lastKnownFileType = file.storyboard; name = Base; path = Base.lproj/Main.storyboard; sourceTree = "<group>"; };
		6303F1681CA8BA430062063C /* Assets.xcassets */ = {isa = PBXFileReference; lastKnownFileType = folder.assetcatalog; path = Assets.xcassets; sourceTree = "<group>"; };
		6303F16B1CA8BA430062063C /* Base */ = {isa = PBXFileReference; lastKnownFileType = file.storyboard; name = Base; path = Base.lproj/LaunchScreen.storyboard; sourceTree = "<group>"; };
		6303F16D1CA8BA430062063C /* Info.plist */ = {isa = PBXFileReference; lastKnownFileType = text.plist.xml; path = Info.plist; sourceTree = "<group>"; };
		6303F1741CA8BB170062063C /* HapinessVC.swift */ = {isa = PBXFileReference; fileEncoding = 4; lastKnownFileType = sourcecode.swift; path = HapinessVC.swift; sourceTree = "<group>"; };
		6303F1761CA8BBE80062063C /* FaceView.swift */ = {isa = PBXFileReference; fileEncoding = 4; lastKnownFileType = sourcecode.swift; path = FaceView.swift; sourceTree = "<group>"; };
/* End PBXFileReference section */

/* Begin PBXFrameworksBuildPhase section */
		6303F15B1CA8BA430062063C /* Frameworks */ = {
			isa = PBXFrameworksBuildPhase;
			buildActionMask = 2147483647;
			files = (
			);
			runOnlyForDeploymentPostprocessing = 0;
		};
/* End PBXFrameworksBuildPhase section */

/* Begin PBXGroup section */
		6303F1551CA8BA430062063C = {
			isa = PBXGroup;
			children = (
				6303F1601CA8BA430062063C /* StanfordHappyFaceApp */,
				6303F15F1CA8BA430062063C /* Products */,
			);
			sourceTree = "<group>";
		};
		6303F15F1CA8BA430062063C /* Products */ = {
			isa = PBXGroup;
			children = (
				6303F15E1CA8BA430062063C /* StanfordHappyFaceApp.app */,
			);
			name = Products;
			sourceTree = "<group>";
		};
		6303F1601CA8BA430062063C /* StanfordHappyFaceApp */ = {
			isa = PBXGroup;
			children = (
				6303F1731CA8BA8C0062063C /* Supporting Files */,
				6303F1651CA8BA430062063C /* Main.storyboard */,
				6303F1761CA8BBE80062063C /* FaceView.swift */,
				6303F1741CA8BB170062063C /* HapinessVC.swift */,
			);
			path = StanfordHappyFaceApp;
			sourceTree = "<group>";
		};
		6303F1731CA8BA8C0062063C /* Supporting Files */ = {
			isa = PBXGroup;
			children = (
				6303F16A1CA8BA430062063C /* LaunchScreen.storyboard */,
				6303F16D1CA8BA430062063C /* Info.plist */,
				6303F1611CA8BA430062063C /* AppDelegate.swift */,
				6303F1681CA8BA430062063C /* Assets.xcassets */,
			);
			name = "Supporting Files";
			sourceTree = "<group>";
		};
/* End PBXGroup section */

/* Begin PBXNativeTarget section */
		6303F15D1CA8BA430062063C /* StanfordHappyFaceApp */ = {
			isa = PBXNativeTarget;
			buildConfigurationList = 6303F1701CA8BA430062063C /* Build configuration list for PBXNativeTarget "StanfordHappyFaceApp" */;
			buildPhases = (
				6303F15A1CA8BA430062063C /* Sources */,
				6303F15B1CA8BA430062063C /* Frameworks */,
				6303F15C1CA8BA430062063C /* Resources */,
			);
			buildRules = (
			);
			dependencies = (
			);
			name = StanfordHappyFaceApp;
			productName = StanfordHappyFaceApp;
			productReference = 6303F15E1CA8BA430062063C /* StanfordHappyFaceApp.app */;
			productType = "com.apple.product-type.application";
		};
/* End PBXNativeTarget section */

/* Begin PBXProject section */
		6303F1561CA8BA430062063C /* Project object */ = {
			isa = PBXProject;
			attributes = {
				LastSwiftUpdateCheck = 0710;
				LastUpgradeCheck = 0710;
				ORGANIZATIONNAME = "Volodymyr Romanov";
				TargetAttributes = {
					6303F15D1CA8BA430062063C = {
						CreatedOnToolsVersion = 7.1.1;
					};
				};
			};
			buildConfigurationList = 6303F1591CA8BA430062063C /* Build configuration list for PBXProject "StanfordHappyFaceApp" */;
			compatibilityVersion = "Xcode 3.2";
			developmentRegion = English;
			hasScannedForEncodings = 0;
			knownRegions = (
				en,
				Base,
			);
			mainGroup = 6303F1551CA8BA430062063C;
			productRefGroup = 6303F15F1CA8BA430062063C /* Products */;
			projectDirPath = "";
			projectRoot = "";
			targets = (
				6303F15D1CA8BA430062063C /* StanfordHappyFaceApp */,
			);
		};
/* End PBXProject section */

/* Begin PBXResourcesBuildPhase section */
		6303F15C1CA8BA430062063C /* Resources */ = {
			isa = PBXResourcesBuildPhase;
			buildActionMask = 2147483647;
			files = (
				6303F16C1CA8BA430062063C /* LaunchScreen.storyboard in Resources */,
				6303F1691CA8BA430062063C /* Assets.xcassets in Resources */,
				6303F1671CA8BA430062063C /* Main.storyboard in Resources */,
			);
			runOnlyForDeploymentPostprocessing = 0;
		};
/* End PBXResourcesBuildPhase section */

/* Begin PBXSourcesBuildPhase section */
		6303F15A1CA8BA430062063C /* Sources */ = {
			isa = PBXSourcesBuildPhase;
			buildActionMask = 2147483647;
			files = (
				6303F1621CA8BA430062063C /* AppDelegate.swift in Sources */,
				6303F1751CA8BB170062063C /* HapinessVC.swift in Sources */,
				6303F1771CA8BBE80062063C /* FaceView.swift in Sources */,
			);
			runOnlyForDeploymentPostprocessing = 0;
		};
/* End PBXSourcesBuildPhase section */

/* Begin PBXVariantGroup section */
		6303F1651CA8BA430062063C /* Main.storyboard */ = {
			isa = PBXVariantGroup;
			children = (
				6303F1661CA8BA430062063C /* Base */,
			);
			name = Main.storyboard;
			sourceTree = "<group>";
		};
		6303F16A1CA8BA430062063C /* LaunchScreen.storyboard */ = {
			isa = PBXVariantGroup;
			children = (
				6303F16B1CA8BA430062063C /* Base */,
			);
			name = LaunchScreen.storyboard;
			sourceTree = "<group>";
		};
/* End PBXVariantGroup section */

/* Begin XCBuildConfiguration section */
		6303F16E1CA8BA430062063C /* Debug */ = {
			isa = XCBuildConfiguration;
			buildSettings = {
				ALWAYS_SEARCH_USER_PATHS = NO;
				CLANG_CXX_LANGUAGE_STANDARD = "gnu++0x";
				CLANG_CXX_LIBRARY = "libc++";
				CLANG_ENABLE_MODULES = YES;
				CLANG_ENABLE_OBJC_ARC = YES;
				CLANG_WARN_BOOL_CONVERSION = YES;
				CLANG_WARN_CONSTANT_CONVERSION = YES;
				CLANG_WARN_DIRECT_OBJC_ISA_USAGE = YES_ERROR;
				CLANG_WARN_EMPTY_BODY = YES;
				CLANG_WARN_ENUM_CONVERSION = YES;
				CLANG_WARN_INT_CONVERSION = YES;
				CLANG_WARN_OBJC_ROOT_CLASS = YES_ERROR;
				CLANG_WARN_UNREACHABLE_CODE = YES;
				CLANG_WARN__DUPLICATE_METHOD_MATCH = YES;
				"CODE_SIGN_IDENTITY[sdk=iphoneos*]" = "iPhone Developer";
				COPY_PHASE_STRIP = NO;
				DEBUG_INFORMATION_FORMAT = dwarf;
				ENABLE_STRICT_OBJC_MSGSEND = YES;
				ENABLE_TESTABILITY = YES;
				GCC_C_LANGUAGE_STANDARD = gnu99;
				GCC_DYNAMIC_NO_PIC = NO;
				GCC_NO_COMMON_BLOCKS = YES;
				GCC_OPTIMIZATION_LEVEL = 0;
				GCC_PREPROCESSOR_DEFINITIONS = (
					"DEBUG=1",
					"$(inherited)",
				);
				GCC_WARN_64_TO_32_BIT_CONVERSION = YES;
				GCC_WARN_ABOUT_RETURN_TYPE = YES_ERROR;
				GCC_WARN_UNDECLARED_SELECTOR = YES;
				GCC_WARN_UNINITIALIZED_AUTOS = YES_AGGRESSIVE;
				GCC_WARN_UNUSED_FUNCTION = YES;
				GCC_WARN_UNUSED_VARIABLE = YES;
				IPHONEOS_DEPLOYMENT_TARGET = 9.1;
				MTL_ENABLE_DEBUG_INFO = YES;
				ONLY_ACTIVE_ARCH = YES;
				SDKROOT = iphoneos;
				SWIFT_OPTIMIZATION_LEVEL = "-Onone";
				TARGETED_DEVICE_FAMILY = "1,2";
			};
			name = Debug;
		};
		6303F16F1CA8BA430062063C /* Release */ = {
			isa = XCBuildConfiguration;
			buildSettings = {
				ALWAYS_SEARCH_USER_PATHS = NO;
				CLANG_CXX_LANGUAGE_STANDARD = "gnu++0x";
				CLANG_CXX_LIBRARY = "libc++";
				CLANG_ENABLE_MODULES = YES;
				CLANG_ENABLE_OBJC_ARC = YES;
				CLANG_WARN_BOOL_CONVERSION = YES;
				CLANG_WARN_CONSTANT_CONVERSION = YES;
				CLANG_WARN_DIRECT_OBJC_ISA_USAGE = YES_ERROR;
				CLANG_WARN_EMPTY_BODY = YES;
				CLANG_WARN_ENUM_CONVERSION = YES;
				CLANG_WARN_INT_CONVERSION = YES;
				CLANG_WARN_OBJC_ROOT_CLASS = YES_ERROR;
				CLANG_WARN_UNREACHABLE_CODE = YES;
				CLANG_WARN__DUPLICATE_METHOD_MATCH = YES;
				"CODE_SIGN_IDENTITY[sdk=iphoneos*]" = "iPhone Developer";
				COPY_PHASE_STRIP = NO;
				DEBUG_INFORMATION_FORMAT = "dwarf-with-dsym";
				ENABLE_NS_ASSERTIONS = NO;
				ENABLE_STRICT_OBJC_MSGSEND = YES;
				GCC_C_LANGUAGE_STANDARD = gnu99;
				GCC_NO_COMMON_BLOCKS = YES;
				GCC_WARN_64_TO_32_BIT_CONVERSION = YES;
				GCC_WARN_ABOUT_RETURN_TYPE = YES_ERROR;
				GCC_WARN_UNDECLARED_SELECTOR = YES;
				GCC_WARN_UNINITIALIZED_AUTOS = YES_AGGRESSIVE;
				GCC_WARN_UNUSED_FUNCTION = YES;
				GCC_WARN_UNUSED_VARIABLE = YES;
				IPHONEOS_DEPLOYMENT_TARGET = 9.1;
				MTL_ENABLE_DEBUG_INFO = NO;
				SDKROOT = iphoneos;
				TARGETED_DEVICE_FAMILY = "1,2";
				VALIDATE_PRODUCT = YES;
			};
			name = Release;
		};
		6303F1711CA8BA430062063C /* Debug */ = {
			isa = XCBuildConfiguration;
			buildSettings = {
				ASSETCATALOG_COMPILER_APPICON_NAME = AppIcon;
				INFOPLIST_FILE = StanfordHappyFaceApp/Info.plist;
				LD_RUNPATH_SEARCH_PATHS = "$(inherited) @executable_path/Frameworks";
				PRODUCT_BUNDLE_IDENTIFIER = com.vromanov.StanfordHappyFaceApp;
				PRODUCT_NAME = "$(TARGET_NAME)";
			};
			name = Debug;
		};
		6303F1721CA8BA430062063C /* Release */ = {
			isa = XCBuildConfiguration;
			buildSettings = {
				ASSETCATALOG_COMPILER_APPICON_NAME = AppIcon;
				INFOPLIST_FILE = StanfordHappyFaceApp/Info.plist;
				LD_RUNPATH_SEARCH_PATHS = "$(inherited) @executable_path/Frameworks";
				PRODUCT_BUNDLE_IDENTIFIER = com.vromanov.StanfordHappyFaceApp;
				PRODUCT_NAME = "$(TARGET_NAME)";
			};
			name = Release;
		};
/* End XCBuildConfiguration section */

/* Begin XCConfigurationList section */
		6303F1591CA8BA430062063C /* Build configuration list for PBXProject "StanfordHappyFaceApp" */ = {
			isa = XCConfigurationList;
			buildConfigurations = (
				6303F16E1CA8BA430062063C /* Debug */,
				6303F16F1CA8BA430062063C /* Release */,
			);
			defaultConfigurationIsVisible = 0;
			defaultConfigurationName = Release;
		};
		6303F1701CA8BA430062063C /* Build configuration list for PBXNativeTarget "StanfordHappyFaceApp" */ = {
			isa = XCConfigurationList;
			buildConfigurations = (
				6303F1711CA8BA430062063C /* Debug */,
				6303F1721CA8BA430062063C /* Release */,
			);
			defaultConfigurationIsVisible = 0;
		};
/* End XCConfigurationList section */
	};
	rootObject = 6303F1561CA8BA430062063C /* Project object */;
}
